
Microsoft Visual Studio Solution File, Format Version 12.00
# Visual Studio 2013
Project("{FAE04EC0-301F-11D3-BF4B-00C04F79EFBC}") = "AmoebaProjectA.CSharp", "AmoebaProjectA.CSharp.csproj", "{7DE1BA69-54CC-89EF-22B9-3451D5913C0C}"
EndProject
Project("{FAE04EC0-301F-11D3-BF4B-00C04F79EFBC}") = "AmoebaProjectA.CSharp.Editor", "AmoebaProjectA.CSharp.Editor.csproj", "{9C3346A2-3633-D0A6-63BE-FF1054B55467}"
EndProject
Global
	GlobalSection(SolutionConfigurationPlatforms) = preSolution
		Debug|Any CPU = Debug|Any CPU
		Release|Any CPU = Release|Any CPU
	EndGlobalSection
	GlobalSection(ProjectConfigurationPlatforms) = postSolution
		{7DE1BA69-54CC-89EF-22B9-3451D5913C0C}.Debug|Any CPU.ActiveCfg = Debug|Any CPU
		{7DE1BA69-54CC-89EF-22B9-3451D5913C0C}.Debug|Any CPU.Build.0 = Debug|Any CPU
		{7DE1BA69-54CC-89EF-22B9-3451D5913C0C}.Release|Any CPU.ActiveCfg = Release|Any CPU
		{7DE1BA69-54CC-89EF-22B9-3451D5913C0C}.Release|Any CPU.Build.0 = Release|Any CPU
		{9C3346A2-3633-D0A6-63BE-FF1054B55467}.Debug|Any CPU.ActiveCfg = Debug|Any CPU
		{9C3346A2-3633-D0A6-63BE-FF1054B55467}.Debug|Any CPU.Build.0 = Debug|Any CPU
		{9C3346A2-3633-D0A6-63BE-FF1054B55467}.Release|Any CPU.ActiveCfg = Release|Any CPU
		{9C3346A2-3633-D0A6-63BE-FF1054B55467}.Release|Any CPU.Build.0 = Release|Any CPU
	EndGlobalSection
	GlobalSection(SolutionProperties) = preSolution
		HideSolutionNode = FALSE
	EndGlobalSection
EndGlobal
